
Microsoft Visual Studio Solution File, Format Version 12.00
# Visual Studio Version 17
VisualStudioVersion = 17.10.35122.118
MinimumVisualStudioVersion = 10.0.40219.1
Project("{FAE04EC0-301F-11D3-BF4B-00C04F79EFBC}") = "ExercicioAula20", "ExercicioAula20\ExercicioAula20.csproj", "{97C70989-8AA8-41DA-945C-DB073F6C66FC}"
EndProject
Global
	GlobalSection(SolutionConfigurationPlatforms) = preSolution
		Debug|Any CPU = Debug|Any CPU
		Release|Any CPU = Release|Any CPU
	EndGlobalSection
	GlobalSection(ProjectConfigurationPlatforms) = postSolution
		{97C70989-8AA8-41DA-945C-DB073F6C66FC}.Debug|Any CPU.ActiveCfg = Debug|Any CPU
		{97C70989-8AA8-41DA-945C-DB073F6C66FC}.Debug|Any CPU.Build.0 = Debug|Any CPU
		{97C70989-8AA8-41DA-945C-DB073F6C66FC}.Release|Any CPU.ActiveCfg = Release|Any CPU
		{97C70989-8AA8-41DA-945C-DB073F6C66FC}.Release|Any CPU.Build.0 = Release|Any CPU
	EndGlobalSection
	GlobalSection(SolutionProperties) = preSolution
		HideSolutionNode = FALSE
	EndGlobalSection
	GlobalSection(ExtensibilityGlobals) = postSolution
		SolutionGuid = {8E1BE070-5585-48E9-9056-A255151E82BE}
	EndGlobalSection
EndGlobal
